
Microsoft Visual Studio Solution File, Format Version 12.00
# Visual Studio Version 17
VisualStudioVersion = 17.0.31912.275
MinimumVisualStudioVersion = 10.0.40219.1
Project("{FAE04EC0-301F-11D3-BF4B-00C04F79EFBC}") = "AppLaLiga", "AppLaLiga\AppLaLiga.csproj", "{76DA4804-1865-4E4C-87A7-BECA5E8FC760}"
EndProject
Global
	GlobalSection(SolutionConfigurationPlatforms) = preSolution
		Debug|Any CPU = Debug|Any CPU
		Release|Any CPU = Release|Any CPU
	EndGlobalSection
	GlobalSection(ProjectConfigurationPlatforms) = postSolution
		{76DA4804-1865-4E4C-87A7-BECA5E8FC760}.Debug|Any CPU.ActiveCfg = Debug|Any CPU
		{76DA4804-1865-4E4C-87A7-BECA5E8FC760}.Debug|Any CPU.Build.0 = Debug|Any CPU
		{76DA4804-1865-4E4C-87A7-BECA5E8FC760}.Release|Any CPU.ActiveCfg = Release|Any CPU
		{76DA4804-1865-4E4C-87A7-BECA5E8FC760}.Release|Any CPU.Build.0 = Release|Any CPU
	EndGlobalSection
	GlobalSection(SolutionProperties) = preSolution
		HideSolutionNode = FALSE
	EndGlobalSection
	GlobalSection(ExtensibilityGlobals) = postSolution
		SolutionGuid = {D253980E-8EA8-41E0-A3CB-725416F09539}
	EndGlobalSection
EndGlobal
